
Microsoft Visual Studio Solution File, Format Version 12.00
# Visual Studio Version 16
VisualStudioVersion = 16.0.29613.14
MinimumVisualStudioVersion = 10.0.40219.1
Project("{9A19103F-16F7-4668-BE54-9A1E7A4F7556}") = "Bookshop.Web", "Bookshop.Web\Bookshop.Web.csproj", "{C24E11CB-F181-4F7F-87CB-C985E58C718B}"
EndProject
Project("{9A19103F-16F7-4668-BE54-9A1E7A4F7556}") = "Bookshop.Domain", "Bookshop.Domain\Bookshop.Domain.csproj", "{8D80F953-C872-4047-A69E-C9CAE4A81A0E}"
EndProject
Project("{9A19103F-16F7-4668-BE54-9A1E7A4F7556}") = "Bookshop.Repository", "Bookshop.Repository\Bookshop.Repository.csproj", "{E4A167C7-1289-4ED7-A096-AF0062D37B2E}"
EndProject
Project("{9A19103F-16F7-4668-BE54-9A1E7A4F7556}") = "Bookshop.Service", "Bookshop.Service\Bookshop.Service.csproj", "{AFECBEC8-C9E1-4217-954C-F86AEC97A8C5}"
EndProject
Project("{FAE04EC0-301F-11D3-BF4B-00C04F79EFBC}") = "Bookshop.Tests", "Bookshop.Tests\Bookshop.Tests.csproj", "{6387C9E5-4A55-4C69-A149-9699982CAF99}"
EndProject
Global
	GlobalSection(SolutionConfigurationPlatforms) = preSolution
		Debug|Any CPU = Debug|Any CPU
		Release|Any CPU = Release|Any CPU
	EndGlobalSection
	GlobalSection(ProjectConfigurationPlatforms) = postSolution
		{C24E11CB-F181-4F7F-87CB-C985E58C718B}.Debug|Any CPU.ActiveCfg = Debug|Any CPU
		{C24E11CB-F181-4F7F-87CB-C985E58C718B}.Debug|Any CPU.Build.0 = Debug|Any CPU
		{C24E11CB-F181-4F7F-87CB-C985E58C718B}.Release|Any CPU.ActiveCfg = Release|Any CPU
		{C24E11CB-F181-4F7F-87CB-C985E58C718B}.Release|Any CPU.Build.0 = Release|Any CPU
		{8D80F953-C872-4047-A69E-C9CAE4A81A0E}.Debug|Any CPU.ActiveCfg = Debug|Any CPU
		{8D80F953-C872-4047-A69E-C9CAE4A81A0E}.Debug|Any CPU.Build.0 = Debug|Any CPU
		{8D80F953-C872-4047-A69E-C9CAE4A81A0E}.Release|Any CPU.ActiveCfg = Release|Any CPU
		{8D80F953-C872-4047-A69E-C9CAE4A81A0E}.Release|Any CPU.Build.0 = Release|Any CPU
		{E4A167C7-1289-4ED7-A096-AF0062D37B2E}.Debug|Any CPU.ActiveCfg = Debug|Any CPU
		{E4A167C7-1289-4ED7-A096-AF0062D37B2E}.Debug|Any CPU.Build.0 = Debug|Any CPU
		{E4A167C7-1289-4ED7-A096-AF0062D37B2E}.Release|Any CPU.ActiveCfg = Release|Any CPU
		{E4A167C7-1289-4ED7-A096-AF0062D37B2E}.Release|Any CPU.Build.0 = Release|Any CPU
		{AFECBEC8-C9E1-4217-954C-F86AEC97A8C5}.Debug|Any CPU.ActiveCfg = Debug|Any CPU
		{AFECBEC8-C9E1-4217-954C-F86AEC97A8C5}.Debug|Any CPU.Build.0 = Debug|Any CPU
		{AFECBEC8-C9E1-4217-954C-F86AEC97A8C5}.Release|Any CPU.ActiveCfg = Release|Any CPU
		{AFECBEC8-C9E1-4217-954C-F86AEC97A8C5}.Release|Any CPU.Build.0 = Release|Any CPU
		{6387C9E5-4A55-4C69-A149-9699982CAF99}.Debug|Any CPU.ActiveCfg = Debug|Any CPU
		{6387C9E5-4A55-4C69-A149-9699982CAF99}.Debug|Any CPU.Build.0 = Debug|Any CPU
		{6387C9E5-4A55-4C69-A149-9699982CAF99}.Release|Any CPU.ActiveCfg = Release|Any CPU
		{6387C9E5-4A55-4C69-A149-9699982CAF99}.Release|Any CPU.Build.0 = Release|Any CPU
	EndGlobalSection
	GlobalSection(SolutionProperties) = preSolution
		HideSolutionNode = FALSE
	EndGlobalSection
	GlobalSection(ExtensibilityGlobals) = postSolution
		SolutionGuid = {DF33D8DC-2AB3-4C9E-900D-D4DEC835B5DA}
	EndGlobalSection
EndGlobal
